{
    "requires": true,
    "lockfileVersion": 1,
    "dependencies": {
        "systeminformation": {
            "version": "4.14.11",
            "resolved": "https://registry.npmjs.org/systeminformation/-/systeminformation-4.14.11.tgz",
            "integrity": "sha512-KlMaQQftyGUPjKzGRrATN5mpKrpdtrVk/KPuqPeu733bUgpokIhevg5zjKOb4Gur91XKdbdQCCja/oFsg5R4Dw=="
        }
    }
}
